
Microsoft Visual Studio Solution File, Format Version 12.00
# Visual Studio 2012
Project("{FAE04EC0-301F-11D3-BF4B-00C04F79EFBC}") = "System.Abstract", "System.Abstract\System.Abstract.csproj", "{A44E9D89-BFF2-41A4-AADC-3C2BDFDAEEB1}"
EndProject
Global
	GlobalSection(SolutionConfigurationPlatforms) = preSolution
		Debug|Any CPU = Debug|Any CPU
		Release|Any CPU = Release|Any CPU
	EndGlobalSection
	GlobalSection(ProjectConfigurationPlatforms) = postSolution
		{A44E9D89-BFF2-41A4-AADC-3C2BDFDAEEB1}.Debug|Any CPU.ActiveCfg = Debug|Any CPU
		{A44E9D89-BFF2-41A4-AADC-3C2BDFDAEEB1}.Debug|Any CPU.Build.0 = Debug|Any CPU
		{A44E9D89-BFF2-41A4-AADC-3C2BDFDAEEB1}.Release|Any CPU.ActiveCfg = Release|Any CPU
		{A44E9D89-BFF2-41A4-AADC-3C2BDFDAEEB1}.Release|Any CPU.Build.0 = Release|Any CPU
	EndGlobalSection
	GlobalSection(SolutionProperties) = preSolution
		HideSolutionNode = FALSE
	EndGlobalSection
EndGlobal
