
Microsoft Visual Studio Solution File, Format Version 12.00
# Visual Studio 15
VisualStudioVersion = 15.0.28307.168
MinimumVisualStudioVersion = 10.0.40219.1
Project("{9A19103F-16F7-4668-BE54-9A1E7A4F7556}") = "System.Abstract.Portable", "System.Abstract\System.Abstract.Portable.csproj", "{CC988ACD-1E42-49CA-9C20-D716FA1A2702}"
EndProject
Project("{9A19103F-16F7-4668-BE54-9A1E7A4F7556}") = "System.Abstract.AbstractTests.Portable", "System.Abstract.AbstractTests\System.Abstract.AbstractTests.Portable.csproj", "{BCC4BA63-6B0C-452A-8C85-3270243ACC33}"
EndProject
Project("{9A19103F-16F7-4668-BE54-9A1E7A4F7556}") = "System.Abstract.Core.Portable", "System.Abstract.Core\System.Abstract.Core.Portable.csproj", "{4C5F72F9-D61A-4301-B8B3-2C9D7AC63B57}"
EndProject
Global
	GlobalSection(SolutionConfigurationPlatforms) = preSolution
		Debug|Any CPU = Debug|Any CPU
		Release|Any CPU = Release|Any CPU
	EndGlobalSection
	GlobalSection(ProjectConfigurationPlatforms) = postSolution
		{CC988ACD-1E42-49CA-9C20-D716FA1A2702}.Debug|Any CPU.ActiveCfg = Debug|Any CPU
		{CC988ACD-1E42-49CA-9C20-D716FA1A2702}.Debug|Any CPU.Build.0 = Debug|Any CPU
		{CC988ACD-1E42-49CA-9C20-D716FA1A2702}.Release|Any CPU.ActiveCfg = Release|Any CPU
		{CC988ACD-1E42-49CA-9C20-D716FA1A2702}.Release|Any CPU.Build.0 = Release|Any CPU
		{BCC4BA63-6B0C-452A-8C85-3270243ACC33}.Debug|Any CPU.ActiveCfg = Debug|Any CPU
		{BCC4BA63-6B0C-452A-8C85-3270243ACC33}.Debug|Any CPU.Build.0 = Debug|Any CPU
		{BCC4BA63-6B0C-452A-8C85-3270243ACC33}.Release|Any CPU.ActiveCfg = Release|Any CPU
		{BCC4BA63-6B0C-452A-8C85-3270243ACC33}.Release|Any CPU.Build.0 = Release|Any CPU
		{4C5F72F9-D61A-4301-B8B3-2C9D7AC63B57}.Debug|Any CPU.ActiveCfg = Debug|Any CPU
		{4C5F72F9-D61A-4301-B8B3-2C9D7AC63B57}.Debug|Any CPU.Build.0 = Debug|Any CPU
		{4C5F72F9-D61A-4301-B8B3-2C9D7AC63B57}.Release|Any CPU.ActiveCfg = Release|Any CPU
		{4C5F72F9-D61A-4301-B8B3-2C9D7AC63B57}.Release|Any CPU.Build.0 = Release|Any CPU
	EndGlobalSection
	GlobalSection(SolutionProperties) = preSolution
		HideSolutionNode = FALSE
	EndGlobalSection
	GlobalSection(ExtensibilityGlobals) = postSolution
		SolutionGuid = {644658FB-03AA-4BE3-AC75-334004650CC1}
	EndGlobalSection
EndGlobal
